
Microsoft Visual Studio Solution File, Format Version 12.00
# Visual Studio Version 17
VisualStudioVersion = 17.5.33414.496
MinimumVisualStudioVersion = 10.0.40219.1
Project("{FAE04EC0-301F-11D3-BF4B-00C04F79EFBC}") = "Rajz", "Rajz\Rajz.csproj", "{D412DFE6-7445-4E1A-9D96-5479B5F347CA}"
EndProject
Global
	GlobalSection(SolutionConfigurationPlatforms) = preSolution
		Debug|Any CPU = Debug|Any CPU
		Release|Any CPU = Release|Any CPU
	EndGlobalSection
	GlobalSection(ProjectConfigurationPlatforms) = postSolution
		{D412DFE6-7445-4E1A-9D96-5479B5F347CA}.Debug|Any CPU.ActiveCfg = Debug|Any CPU
		{D412DFE6-7445-4E1A-9D96-5479B5F347CA}.Debug|Any CPU.Build.0 = Debug|Any CPU
		{D412DFE6-7445-4E1A-9D96-5479B5F347CA}.Release|Any CPU.ActiveCfg = Release|Any CPU
		{D412DFE6-7445-4E1A-9D96-5479B5F347CA}.Release|Any CPU.Build.0 = Release|Any CPU
	EndGlobalSection
	GlobalSection(SolutionProperties) = preSolution
		HideSolutionNode = FALSE
	EndGlobalSection
	GlobalSection(ExtensibilityGlobals) = postSolution
		SolutionGuid = {0D72BF56-A221-43F6-8B21-FBA92C969AE0}
	EndGlobalSection
EndGlobal
