
Microsoft Visual Studio Solution File, Format Version 12.00
# Visual Studio Version 17
VisualStudioVersion = 17.5.33414.496
MinimumVisualStudioVersion = 10.0.40219.1
Project("{FAE04EC0-301F-11D3-BF4B-00C04F79EFBC}") = "Area", "Area\Area.csproj", "{3C83D17E-8CD4-40C5-AAB7-CB5C432DAF9E}"
EndProject
Global
	GlobalSection(SolutionConfigurationPlatforms) = preSolution
		Debug|Any CPU = Debug|Any CPU
		Release|Any CPU = Release|Any CPU
	EndGlobalSection
	GlobalSection(ProjectConfigurationPlatforms) = postSolution
		{3C83D17E-8CD4-40C5-AAB7-CB5C432DAF9E}.Debug|Any CPU.ActiveCfg = Debug|Any CPU
		{3C83D17E-8CD4-40C5-AAB7-CB5C432DAF9E}.Debug|Any CPU.Build.0 = Debug|Any CPU
		{3C83D17E-8CD4-40C5-AAB7-CB5C432DAF9E}.Release|Any CPU.ActiveCfg = Release|Any CPU
		{3C83D17E-8CD4-40C5-AAB7-CB5C432DAF9E}.Release|Any CPU.Build.0 = Release|Any CPU
	EndGlobalSection
	GlobalSection(SolutionProperties) = preSolution
		HideSolutionNode = FALSE
	EndGlobalSection
	GlobalSection(ExtensibilityGlobals) = postSolution
		SolutionGuid = {DAB39B42-28F1-4F69-BD79-5752AF70A602}
	EndGlobalSection
EndGlobal
