
Microsoft Visual Studio Solution File, Format Version 12.00
# Visual Studio Version 17
VisualStudioVersion = 17.5.33414.496
MinimumVisualStudioVersion = 10.0.40219.1
Project("{FAE04EC0-301F-11D3-BF4B-00C04F79EFBC}") = "feladat_1_3", "feladat_1_3\feladat_1_3.csproj", "{161F19AE-3846-43D6-90C2-8A8A463E1552}"
EndProject
Global
	GlobalSection(SolutionConfigurationPlatforms) = preSolution
		Debug|Any CPU = Debug|Any CPU
		Release|Any CPU = Release|Any CPU
	EndGlobalSection
	GlobalSection(ProjectConfigurationPlatforms) = postSolution
		{161F19AE-3846-43D6-90C2-8A8A463E1552}.Debug|Any CPU.ActiveCfg = Debug|Any CPU
		{161F19AE-3846-43D6-90C2-8A8A463E1552}.Debug|Any CPU.Build.0 = Debug|Any CPU
		{161F19AE-3846-43D6-90C2-8A8A463E1552}.Release|Any CPU.ActiveCfg = Release|Any CPU
		{161F19AE-3846-43D6-90C2-8A8A463E1552}.Release|Any CPU.Build.0 = Release|Any CPU
	EndGlobalSection
	GlobalSection(SolutionProperties) = preSolution
		HideSolutionNode = FALSE
	EndGlobalSection
	GlobalSection(ExtensibilityGlobals) = postSolution
		SolutionGuid = {CBE84A9A-61F9-4CB5-9D4E-93208B32B66C}
	EndGlobalSection
EndGlobal
