
Microsoft Visual Studio Solution File, Format Version 12.00
# Visual Studio Version 17
VisualStudioVersion = 17.5.33414.496
MinimumVisualStudioVersion = 10.0.40219.1
Project("{FAE04EC0-301F-11D3-BF4B-00C04F79EFBC}") = "Forms", "Forms\Forms.csproj", "{3423347B-3ED8-4AD0-B20F-FFE5FE783BBF}"
EndProject
Global
	GlobalSection(SolutionConfigurationPlatforms) = preSolution
		Debug|Any CPU = Debug|Any CPU
		Release|Any CPU = Release|Any CPU
	EndGlobalSection
	GlobalSection(ProjectConfigurationPlatforms) = postSolution
		{3423347B-3ED8-4AD0-B20F-FFE5FE783BBF}.Debug|Any CPU.ActiveCfg = Debug|Any CPU
		{3423347B-3ED8-4AD0-B20F-FFE5FE783BBF}.Debug|Any CPU.Build.0 = Debug|Any CPU
		{3423347B-3ED8-4AD0-B20F-FFE5FE783BBF}.Release|Any CPU.ActiveCfg = Release|Any CPU
		{3423347B-3ED8-4AD0-B20F-FFE5FE783BBF}.Release|Any CPU.Build.0 = Release|Any CPU
	EndGlobalSection
	GlobalSection(SolutionProperties) = preSolution
		HideSolutionNode = FALSE
	EndGlobalSection
	GlobalSection(ExtensibilityGlobals) = postSolution
		SolutionGuid = {98852044-A6F1-4741-AC8B-2896D24FC52D}
	EndGlobalSection
EndGlobal
