
Microsoft Visual Studio Solution File, Format Version 12.00
# Visual Studio Version 17
VisualStudioVersion = 17.5.33414.496
MinimumVisualStudioVersion = 10.0.40219.1
Project("{FAE04EC0-301F-11D3-BF4B-00C04F79EFBC}") = "Zh2022_3", "Zh2022_3\Zh2022_3.csproj", "{49BDF289-CBC0-458C-ADF3-372547964E47}"
EndProject
Global
	GlobalSection(SolutionConfigurationPlatforms) = preSolution
		Debug|Any CPU = Debug|Any CPU
		Release|Any CPU = Release|Any CPU
	EndGlobalSection
	GlobalSection(ProjectConfigurationPlatforms) = postSolution
		{49BDF289-CBC0-458C-ADF3-372547964E47}.Debug|Any CPU.ActiveCfg = Debug|Any CPU
		{49BDF289-CBC0-458C-ADF3-372547964E47}.Debug|Any CPU.Build.0 = Debug|Any CPU
		{49BDF289-CBC0-458C-ADF3-372547964E47}.Release|Any CPU.ActiveCfg = Release|Any CPU
		{49BDF289-CBC0-458C-ADF3-372547964E47}.Release|Any CPU.Build.0 = Release|Any CPU
	EndGlobalSection
	GlobalSection(SolutionProperties) = preSolution
		HideSolutionNode = FALSE
	EndGlobalSection
	GlobalSection(ExtensibilityGlobals) = postSolution
		SolutionGuid = {732437A6-55D7-4950-8AC0-5D6310DDB4DB}
	EndGlobalSection
EndGlobal
