
Microsoft Visual Studio Solution File, Format Version 12.00
# Visual Studio Version 17
VisualStudioVersion = 17.5.33414.496
MinimumVisualStudioVersion = 10.0.40219.1
Project("{FAE04EC0-301F-11D3-BF4B-00C04F79EFBC}") = "ConsoleFeladat", "ConsoleFeladat\ConsoleFeladat.csproj", "{AC717D4B-B746-4E1C-AF4C-C9E09CD5B6B5}"
EndProject
Global
	GlobalSection(SolutionConfigurationPlatforms) = preSolution
		Debug|Any CPU = Debug|Any CPU
		Release|Any CPU = Release|Any CPU
	EndGlobalSection
	GlobalSection(ProjectConfigurationPlatforms) = postSolution
		{AC717D4B-B746-4E1C-AF4C-C9E09CD5B6B5}.Debug|Any CPU.ActiveCfg = Debug|Any CPU
		{AC717D4B-B746-4E1C-AF4C-C9E09CD5B6B5}.Debug|Any CPU.Build.0 = Debug|Any CPU
		{AC717D4B-B746-4E1C-AF4C-C9E09CD5B6B5}.Release|Any CPU.ActiveCfg = Release|Any CPU
		{AC717D4B-B746-4E1C-AF4C-C9E09CD5B6B5}.Release|Any CPU.Build.0 = Release|Any CPU
	EndGlobalSection
	GlobalSection(SolutionProperties) = preSolution
		HideSolutionNode = FALSE
	EndGlobalSection
	GlobalSection(ExtensibilityGlobals) = postSolution
		SolutionGuid = {2427FC6B-459B-45B1-AFAD-CD1D03877078}
	EndGlobalSection
EndGlobal
