
Microsoft Visual Studio Solution File, Format Version 12.00
# Visual Studio Version 17
VisualStudioVersion = 17.5.33414.496
MinimumVisualStudioVersion = 10.0.40219.1
Project("{FAE04EC0-301F-11D3-BF4B-00C04F79EFBC}") = "Kapd_El_A_Négyzetet", "Kapd_El_A_Négyzetet\Kapd_El_A_Négyzetet.csproj", "{0A279341-DD69-4A67-A508-BA25B5A3799E}"
EndProject
Global
	GlobalSection(SolutionConfigurationPlatforms) = preSolution
		Debug|Any CPU = Debug|Any CPU
		Release|Any CPU = Release|Any CPU
	EndGlobalSection
	GlobalSection(ProjectConfigurationPlatforms) = postSolution
		{0A279341-DD69-4A67-A508-BA25B5A3799E}.Debug|Any CPU.ActiveCfg = Debug|Any CPU
		{0A279341-DD69-4A67-A508-BA25B5A3799E}.Debug|Any CPU.Build.0 = Debug|Any CPU
		{0A279341-DD69-4A67-A508-BA25B5A3799E}.Release|Any CPU.ActiveCfg = Release|Any CPU
		{0A279341-DD69-4A67-A508-BA25B5A3799E}.Release|Any CPU.Build.0 = Release|Any CPU
	EndGlobalSection
	GlobalSection(SolutionProperties) = preSolution
		HideSolutionNode = FALSE
	EndGlobalSection
	GlobalSection(ExtensibilityGlobals) = postSolution
		SolutionGuid = {C455B5D0-A070-467D-8D47-F6ACEF8D4AC6}
	EndGlobalSection
EndGlobal
