
Microsoft Visual Studio Solution File, Format Version 12.00
# Visual Studio Version 17
VisualStudioVersion = 17.5.33414.496
MinimumVisualStudioVersion = 10.0.40219.1
Project("{FAE04EC0-301F-11D3-BF4B-00C04F79EFBC}") = "Winfos_2_feladat", "Winfos_2_feladat\Winfos_2_feladat.csproj", "{717DE944-4260-42CA-BCF1-98661F774F6A}"
EndProject
Global
	GlobalSection(SolutionConfigurationPlatforms) = preSolution
		Debug|Any CPU = Debug|Any CPU
		Release|Any CPU = Release|Any CPU
	EndGlobalSection
	GlobalSection(ProjectConfigurationPlatforms) = postSolution
		{717DE944-4260-42CA-BCF1-98661F774F6A}.Debug|Any CPU.ActiveCfg = Debug|Any CPU
		{717DE944-4260-42CA-BCF1-98661F774F6A}.Debug|Any CPU.Build.0 = Debug|Any CPU
		{717DE944-4260-42CA-BCF1-98661F774F6A}.Release|Any CPU.ActiveCfg = Release|Any CPU
		{717DE944-4260-42CA-BCF1-98661F774F6A}.Release|Any CPU.Build.0 = Release|Any CPU
	EndGlobalSection
	GlobalSection(SolutionProperties) = preSolution
		HideSolutionNode = FALSE
	EndGlobalSection
	GlobalSection(ExtensibilityGlobals) = postSolution
		SolutionGuid = {22E76875-23DB-4E42-86F6-035DF54F4A11}
	EndGlobalSection
EndGlobal
