
Microsoft Visual Studio Solution File, Format Version 12.00
# Visual Studio Version 17
VisualStudioVersion = 17.5.33414.496
MinimumVisualStudioVersion = 10.0.40219.1
Project("{FAE04EC0-301F-11D3-BF4B-00C04F79EFBC}") = "ZH2020Console", "ZH2020Console\ZH2020Console.csproj", "{DC386A1B-F2FD-4335-AC34-C049E5EB929A}"
EndProject
Global
	GlobalSection(SolutionConfigurationPlatforms) = preSolution
		Debug|Any CPU = Debug|Any CPU
		Release|Any CPU = Release|Any CPU
	EndGlobalSection
	GlobalSection(ProjectConfigurationPlatforms) = postSolution
		{DC386A1B-F2FD-4335-AC34-C049E5EB929A}.Debug|Any CPU.ActiveCfg = Debug|Any CPU
		{DC386A1B-F2FD-4335-AC34-C049E5EB929A}.Debug|Any CPU.Build.0 = Debug|Any CPU
		{DC386A1B-F2FD-4335-AC34-C049E5EB929A}.Release|Any CPU.ActiveCfg = Release|Any CPU
		{DC386A1B-F2FD-4335-AC34-C049E5EB929A}.Release|Any CPU.Build.0 = Release|Any CPU
	EndGlobalSection
	GlobalSection(SolutionProperties) = preSolution
		HideSolutionNode = FALSE
	EndGlobalSection
	GlobalSection(ExtensibilityGlobals) = postSolution
		SolutionGuid = {354486E0-8FBE-4CEE-8BC8-D15F702A50B5}
	EndGlobalSection
EndGlobal
